
Microsoft Visual Studio Solution File, Format Version 12.00
# Visual Studio Version 17
VisualStudioVersion = 17.7.34202.233
MinimumVisualStudioVersion = 10.0.40219.1
Project("{FAE04EC0-301F-11D3-BF4B-00C04F79EFBC}") = "Statistics_data", "Statistics_data\Statistics_data.csproj", "{2405FDE4-9642-4F6B-ACE5-46B992F28C82}"
EndProject
Global
	GlobalSection(SolutionConfigurationPlatforms) = preSolution
		Debug|Any CPU = Debug|Any CPU
		Release|Any CPU = Release|Any CPU
	EndGlobalSection
	GlobalSection(ProjectConfigurationPlatforms) = postSolution
		{2405FDE4-9642-4F6B-ACE5-46B992F28C82}.Debug|Any CPU.ActiveCfg = Debug|Any CPU
		{2405FDE4-9642-4F6B-ACE5-46B992F28C82}.Debug|Any CPU.Build.0 = Debug|Any CPU
		{2405FDE4-9642-4F6B-ACE5-46B992F28C82}.Release|Any CPU.ActiveCfg = Release|Any CPU
		{2405FDE4-9642-4F6B-ACE5-46B992F28C82}.Release|Any CPU.Build.0 = Release|Any CPU
	EndGlobalSection
	GlobalSection(SolutionProperties) = preSolution
		HideSolutionNode = FALSE
	EndGlobalSection
	GlobalSection(ExtensibilityGlobals) = postSolution
		SolutionGuid = {399E20D5-1EFF-459B-A768-0859F2B70BBC}
	EndGlobalSection
EndGlobal
